{
  "version": 4,
  "terraform_version": "1.3.9",
  "serial": 11,
  "lineage": "5c3b57b8-1476-a08b-bd37-f1c5909732d7",
  "outputs": {},
  "resources": [
    {
      "mode": "managed",
      "type": "proxmox_vm_qemu",
      "name": "deeplab-demo",
      "provider": "provider[\"registry.terraform.io/telmate/proxmox\"]",
      "instances": [
        {
          "status": "tainted",
          "schema_version": 0,
          "attributes": {
            "additional_wait": 15,
            "agent": 1,
            "args": null,
            "balloon": 0,
            "bios": "seabios",
            "boot": "cdn",
            "bootdisk": null,
            "bridge": null,
            "ci_wait": null,
            "cicustom": null,
            "cipassword": null,
            "ciuser": "tqtensor",
            "clone": "ubuntu-server-focal-docker",
            "clone_wait": 15,
            "cloudinit_cdrom_storage": null,
            "cores": 2,
            "cpu": "host",
            "default_ipv4_address": null,
            "define_connection_info": true,
            "desc": "GPU Ubuntu Server",
            "disk": [
              {
                "backup": 0,
                "cache": "none",
                "discard": "",
                "file": "",
                "format": "",
                "iothread": 0,
                "mbps": 0,
                "mbps_rd": 0,
                "mbps_rd_max": 0,
                "mbps_wr": 0,
                "mbps_wr_max": 0,
                "media": "",
                "replicate": 0,
                "size": "20G",
                "slot": 0,
                "ssd": 0,
                "storage": "local-lvm",
                "storage_type": "",
                "type": "virtio",
                "volume": ""
              }
            ],
            "disk_gb": null,
            "force_create": false,
            "force_recreate_on_change_of": null,
            "full_clone": true,
            "guest_agent_ready_timeout": 600,
            "hastate": null,
            "hotplug": "network,disk,usb",
            "id": "hpz440/qemu/401",
            "ipconfig0": "ip=11.11.1.99/16,gw=11.11.1.1",
            "ipconfig1": null,
            "ipconfig2": null,
            "ipconfig3": null,
            "ipconfig4": null,
            "ipconfig5": null,
            "iso": null,
            "kvm": true,
            "mac": null,
            "memory": 2048,
            "name": "deeplab-demo",
            "nameserver": "1.1.1.1",
            "network": [
              {
                "bridge": "vmbr1",
                "firewall": false,
                "link_down": false,
                "macaddr": "",
                "model": "virtio",
                "queues": 0,
                "rate": 0,
                "tag": -1
              }
            ],
            "nic": null,
            "numa": false,
            "onboot": true,
            "os_network_config": null,
            "os_type": "cloud-init",
            "pool": null,
            "preprovision": true,
            "qemu_os": null,
            "reboot_required": null,
            "scsihw": null,
            "searchdomain": null,
            "serial": [],
            "sockets": 1,
            "ssh_forward_ip": null,
            "ssh_host": null,
            "ssh_port": null,
            "ssh_private_key": null,
            "ssh_user": null,
            "sshkeys": "    ssh-rsa AAAAB3NzaC1yc2EAAAADAQABAAABgQC0Ji3n1/qwVydGS8OoOpw5LDd0VOcUPPDhRSDmU4Rl3bMceK17jXBZBZz1dofDIJiOKqGRGbYcLxh0kha3epIGyia9Z+z0ZHQg0ByRzuNlpepZYUva5EssOjVekRZtC1NiROS1BREVPG1sSwORdW0KiVJ4UiT7eJRNZwAm/0TZWmLTYdLqMI4FoBp8bzCQPMUbPb27sU0xZB/m8P7xJaAj9dZfpQEvV8azd2cLKNX9R1Fohft0eFE7U3D9oO26CbbQRlAOm9lxSAON9KZp6aAS0I2eY44vBZiprGafl12C/zFdywhJ9D4VcURfncufLUeSAImklz96IL3OK4hurKYhMTGydb9HHN03zcw69gwWAqnVJn3Yx/NflLZE9DIvQzAZQiYu14r5CL2SWNwoS7ui9Y0mdjP3Ah4rwRIjq/37C92g/qph4kqI8XlRe5NgYwdwtEr8vkL3dT0RatJU+ZTIW/uXsAk4rQ1JQ+VplLucEGjzmLZtC/R4q/IaBmGmCOs= tqtensor\n",
            "storage": null,
            "storage_type": null,
            "tags": null,
            "target_node": "hpz440",
            "unused_disk": null,
            "vcpus": 0,
            "vga": [],
            "vlan": -1,
            "vmid": 401
          },
          "sensitive_attributes": [],
          "private": "bnVsbA=="
        }
      ]
    }
  ],
  "check_results": null
}
